// !$*UTF8*$!
{
	archiveVersion = 1;
	classes = {
	};
	objectVersion = 54;
	objects = {

/* Begin PBXBuildFile section */
		12340001ABCDEF000000001 /* ZAnimeApp.swift in Sources */ = {isa = PBXBuildFile; fileRef = 12340001ABCDEF000000101; };
		12340001ABCDEF000000002 /* ContentView.swift in Sources */ = {isa = PBXBuildFile; fileRef = 12340001ABCDEF000000102; };
		12340001ABCDEF000000003 /* AnimeModels.swift in Sources */ = {isa = PBXBuildFile; fileRef = 12340001ABCDEF000000103; };
		12340001ABCDEF000000004 /* ScraperManager.swift in Sources */ = {isa = PBXBuildFile; fileRef = 12340001ABCDEF000000104; };
		12340001ABCDEF000000005 /* AnimeCardView.swift in Sources */ = {isa = PBXBuildFile; fileRef = 12340001ABCDEF000000105; };
		12340001ABCDEF000000006 /* AnimeDetailView.swift in Sources */ = {isa = PBXBuildFile; fileRef = 12340001ABCDEF000000106; };
		12340001ABCDEF000000007 /* PlayerView.swift in Sources */ = {isa = PBXBuildFile; fileRef = 12340001ABCDEF000000107; };
		12340001ABCDEF000000008 /* WebViewExtractor.swift in Sources */ = {isa = PBXBuildFile; fileRef = 12340001ABCDEF000000108; };
/* End PBXBuildFile section */

/* Begin PBXFileReference section */
		12340001ABCDEF000000101 /* ZAnimeApp.swift */ = {isa = PBXFileReference; lastKnownFileType = sourcecode.swift; path = ZAnimeApp.swift; sourceTree = "<group>"; };
		12340001ABCDEF000000102 /* ContentView.swift */ = {isa = PBXFileReference; lastKnownFileType = sourcecode.swift; path = Views/ContentView.swift; sourceTree = "<group>"; };
		12340001ABCDEF000000103 /* AnimeModels.swift */ = {isa = PBXFileReference; lastKnownFileType = sourcecode.swift; path = Models/AnimeModels.swift; sourceTree = "<group>"; };
		12340001ABCDEF000000104 /* ScraperManager.swift */ = {isa = PBXFileReference; lastKnownFileType = sourcecode.swift; path = ViewModels/ScraperManager.swift; sourceTree = "<group>"; };
		12340001ABCDEF000000105 /* AnimeCardView.swift */ = {isa = PBXFileReference; lastKnownFileType = sourcecode.swift; path = Views/AnimeCardView.swift; sourceTree = "<group>"; };
		12340001ABCDEF000000106 /* AnimeDetailView.swift */ = {isa = PBXFileReference; lastKnownFileType = sourcecode.swift; path = Views/AnimeDetailView.swift; sourceTree = "<group>"; };
		12340001ABCDEF000000107 /* PlayerView.swift */ = {isa = PBXFileReference; lastKnownFileType = sourcecode.swift; path = Views/PlayerView.swift; sourceTree = "<group>"; };
		12340001ABCDEF000000108 /* WebViewExtractor.swift */ = {isa = PBXFileReference; lastKnownFileType = sourcecode.swift; path = Utils/WebViewExtractor.swift; sourceTree = "<group>"; };
		12340001ABCDEF000000201 /* Info.plist */ = {isa = PBXFileReference; lastKnownFileType = text.plist.xml; path = Info.plist; sourceTree = "<group>"; };
		12340001ABCDEF000000202 /* ExportOptions.plist */ = {isa = PBXFileReference; lastKnownFileType = text.plist.xml; path = ExportOptions.plist; sourceTree = "<group>"; };
/* End PBXFileReference section */

/* Begin PBXGroup section */
		12340001ABCDEF000000301 = {
			isa = PBXGroup;
			children = (
				12340001ABCDEF000000101 /* ZAnimeApp.swift */,
				12340001ABCDEF000000102 /* ContentView.swift */,
				12340001ABCDEF000000103 /* AnimeModels.swift */,
				12340001ABCDEF000000104 /* ScraperManager.swift */,
				12340001ABCDEF000000105 /* AnimeCardView.swift */,
				12340001ABCDEF000000106 /* AnimeDetailView.swift */,
				12340001ABCDEF000000107 /* PlayerView.swift */,
				12340001ABCDEF000000108 /* WebViewExtractor.swift */,
				12340001ABCDEF000000201 /* Info.plist */,
				12340001ABCDEF000000202 /* ExportOptions.plist */,
			);
			path = "ZAnime";
			sourceTree = "<group>";
		};
/* End PBXGroup section */

/* Begin PBXNativeTarget section */
		12340001ABCDEF000000401 /* ZAnime */ = {
			isa = PBXNativeTarget;
			buildConfigurationList = 12340001ABCDEF000000501;
			buildPhases = (
				12340001ABCDEF000000601 /* Sources */,
			);
			buildRules = (
			);
			dependencies = (
			);
			name = ZAnime;
			productName = ZAnime;
			productType = "com.apple.product-type.application";
		};
/* End PBXNativeTarget section */

/* Begin PBXProject section */
		12340001ABCDEF000000701 /* Project object */ = {
			isa = PBXProject;
			attributes = {
				TargetAttributes = {
					12340001ABCDEF000000401 = {
						CreatedOnToolsVersion = 14.0;
					};
				};
			};
			buildConfigurationList = 12340001ABCDEF000000801;
			compatibilityVersion = "Xcode 13.0";
			hasScannedForEncodings = 0;
			mainGroup = 12340001ABCDEF000000301;
			productRefGroup = 12340001ABCDEF000000301;
			projectDirPath = "";
			projectRoot = "";
			targets = (
				12340001ABCDEF000000401,
			);
		};
/* End PBXProject section */

/* Begin PBXSourcesBuildPhase section */
		12340001ABCDEF000000601 /* Sources */ = {
			isa = PBXSourcesBuildPhase;
			buildActionMask = 2147483647;
			files = (
				12340001ABCDEF000000001 /* ZAnimeApp.swift in Sources */,
				12340001ABCDEF000000002 /* ContentView.swift in Sources */,
				12340001ABCDEF000000003 /* AnimeModels.swift in Sources */,
				12340001ABCDEF000000004 /* ScraperManager.swift in Sources */,
				12340001ABCDEF000000005 /* AnimeCardView.swift in Sources */,
				12340001ABCDEF000000006 /* AnimeDetailView.swift in Sources */,
				12340001ABCDEF000000007 /* PlayerView.swift in Sources */,
				12340001ABCDEF000000008 /* WebViewExtractor.swift in Sources */,
			);
			runOnlyForDeploymentPostprocessing = 0;
		};
/* End PBXSourcesBuildPhase section */

/* Begin XCBuildConfiguration section */
		12340001ABCDEF000000901 /* Release */ = {
			isa = XCBuildConfiguration;
			buildSettings = {
				IPHONEOS_DEPLOYMENT_TARGET = 15.0;
				SDKROOT = iphoneos;
			};
			name = Release;
		};
		12340001ABCDEF000000902 /* Release */ = {
			isa = XCBuildConfiguration;
			buildSettings = {
				ASSETCATALOG_COMPILER_APPICON_NAME = AppIcon;
				CODE_SIGN_IDENTITY = "";
				CODE_SIGNING_REQUIRED = NO;
				CODE_SIGNING_ALLOWED = NO;
				INFOPLIST_FILE = ZAnime/Info.plist;
				PRODUCT_BUNDLE_IDENTIFIER = com.9r7n.ZAnime;
				PRODUCT_NAME = "$(TARGET_NAME)";
				SWIFT_VERSION = 5.0;
			};
			name = Release;
		};
/* End XCBuildConfiguration section */

/* Begin XCConfigurationList section */
		12340001ABCDEF000000801 /* Build configuration list for PBXProject "ZAnime" */ = {
			isa = XCConfigurationList;
			buildConfigurations = (
				12340001ABCDEF000000901,
			);
			defaultConfigurationIsVisible = 0;
			defaultConfigurationName = Release;
		};
		12340001ABCDEF000000501 /* Build configuration list for PBXNativeTarget "ZAnime" */ = {
			isa = XCConfigurationList;
			buildConfigurations = (
				12340001ABCDEF000000902,
			);
			defaultConfigurationIsVisible = 0;
			defaultConfigurationName = Release;
		};
/* End XCConfigurationList section */
	};
	rootObject = 12340001ABCDEF000000701 /* Project object */;
}