// !$*UTF8*$!
{
	archiveVersion = 1;
	classes = {
	};
	objectVersion = 54;
	objects = {

/* Begin PBXBuildFile section */
		A1B2C3D4E5F6G7H8I9J0K1L2 /* ZAnimeApp.swift in Sources */ = {isa = PBXBuildFile; fileRef = ZA01; };
		C1D2E3F4G5H6I7J8K9L0M1N2 /* ContentView.swift in Sources */ = {isa = PBXBuildFile; fileRef = ZV01; };
		D1E2F3G4H5I6J7K8L9M0N1O2 /* AnimeModels.swift in Sources */ = {isa = PBXBuildFile; fileRef = ZM01; };
		E1F2G3H4I5J6K7L8M9N0O1P2 /* ScraperManager.swift in Sources */ = {isa = PBXBuildFile; fileRef = ZVM01; };
		F1G2H3I4J5K6L7M8N9O0P1Q2 /* AnimeCardView.swift in Sources */ = {isa = PBXBuildFile; fileRef = ZV02; };
		G1H2I3J4K5L6M7N8O9P0Q1R2 /* AnimeDetailView.swift in Sources */ = {isa = PBXBuildFile; fileRef = ZV03; };
		H1I2J3K4L5M6N7O8P9Q0R1S2 /* PlayerView.swift in Sources */ = {isa = PBXBuildFile; fileRef = ZV04; };
		I1J2K3L4M5N6O7P8Q9R0S1T2 /* WebViewExtractor.swift in Sources */ = {isa = PBXBuildFile; fileRef = ZU01; };
/* End PBXBuildFile section */

/* Begin PBXFileReference section */
		ZA01 /* ZAnimeApp.swift */ = {isa = PBXFileReference; lastKnownFileType = sourcecode.swift; path = ZAnimeApp.swift; sourceTree = "<group>"; };
		ZA02 /* Info.plist */ = {isa = PBXFileReference; lastKnownFileType = text.plist.xml; path = Info.plist; sourceTree = "<group>"; };
		ZA03 /* ExportOptions.plist */ = {isa = PBXFileReference; lastKnownFileType = text.plist.xml; path = ExportOptions.plist; sourceTree = "<group>"; };
		ZM01 /* AnimeModels.swift */ = {isa = PBXFileReference; lastKnownFileType = sourcecode.swift; path = AnimeModels.swift; sourceTree = "<group>"; };
		ZVM01 /* ScraperManager.swift */ = {isa = PBXFileReference; lastKnownFileType = sourcecode.swift; path = ScraperManager.swift; sourceTree = "<group>"; };
		ZV01 /* ContentView.swift */ = {isa = PBXFileReference; lastKnownFileType = sourcecode.swift; path = ContentView.swift; sourceTree = "<group>"; };
		ZV02 /* AnimeCardView.swift */ = {isa = PBXFileReference; lastKnownFileType = sourcecode.swift; path = AnimeCardView.swift; sourceTree = "<group>"; };
		ZV03 /* AnimeDetailView.swift */ = {isa = PBXFileReference; lastKnownFileType = sourcecode.swift; path = AnimeDetailView.swift; sourceTree = "<group>"; };
		ZV04 /* PlayerView.swift */ = {isa = PBXFileReference; lastKnownFileType = sourcecode.swift; path = PlayerView.swift; sourceTree = "<group>"; };
		ZU01 /* WebViewExtractor.swift */ = {isa = PBXFileReference; lastKnownFileType = sourcecode.swift; path = WebViewExtractor.swift; sourceTree = "<group>"; };
/* End PBXFileReference section */

/* Begin PBXFrameworksBuildPhase section */
		F1G2H3I4J5K6L7M8N9O0P1Q2 /* Frameworks */ = {
			isa = PBXFrameworksBuildPhase;
			buildActionMask = 2147483647;
			files = (
			);
			runOnlyForDeploymentPostprocessing = 0;
		};
/* End PBXFrameworksBuildPhase section */

/* Begin PBXGroup section */
		4A5B6C7D8E9F0G1H2I3J4K5L = {
			isa = PBXGroup;
			children = (
				ZA01 /* ZAnimeApp.swift */,
				ZA02 /* Info.plist */,
				ZA03 /* ExportOptions.plist */,
				ZM_GROUP /* Models */,
				ZVM_GROUP /* ViewModels */,
				ZV_GROUP /* Views */,
				ZU_GROUP /* Utils */,
			);
			path = "ZAnime";
			sourceTree = "<group>";
		};

		ZM_GROUP /* Models */ = {
			isa = PBXGroup;
			children = (
				ZM01 /* AnimeModels.swift */,
			);
			path = Models;
			sourceTree = "<group>";
		};

		ZVM_GROUP /* ViewModels */ = {
			isa = PBXGroup;
			children = (
				ZVM01 /* ScraperManager.swift */,
			);
			path = ViewModels;
			sourceTree = "<group>";
		};

		ZV_GROUP /* Views */ = {
			isa = PBXGroup;
			children = (
				ZV01 /* ContentView.swift */,
				ZV02 /* AnimeCardView.swift */,
				ZV03 /* AnimeDetailView.swift */,
				ZV04 /* PlayerView.swift */,
			);
			path = Views;
			sourceTree = "<group>";
		};

		ZU_GROUP /* Utils */ = {
			isa = PBXGroup;
			children = (
				ZU01 /* WebViewExtractor.swift */,
			);
			path = Utils;
			sourceTree = "<group>";
		};
/* End PBXGroup section */

/* Begin PBXNativeTarget section */
		2A3B4C5D6E7F8G9H0I1J2K3L /* ZAnime */ = {
			isa = PBXNativeTarget;
			buildConfigurationList = 5A6B7C8D9E0F1G2H3I4J5K6L;
			buildPhases = (
				G1H2I3J4K5L6M7N8O9P0Q1R2 /* Sources */,
				F1G2H3I4J5K6L7M8N9O0P1Q2 /* Frameworks */,
			);
			buildRules = (
			);
			dependencies = (
			);
			name = ZAnime;
			productName = ZAnime;
			productType = "com.apple.product-type.application";
		};
/* End PBXNativeTarget section */

/* Begin PBXProject section */
		1A2B3C4D5E6F7G8H9I0J1K2L /* Project object */ = {
			isa = PBXProject;
			attributes = {
				TargetAttributes = {
					2A3B4C5D6E7F8G9H0I1J2K3L = {
						CreatedOnToolsVersion = 14.0;
					};
				};
			};
			buildConfigurationList = 3A4B5C6D7E8F9G0H1I2J3K4L;
			compatibilityVersion = "Xcode 13.0";
			hasScannedForEncodings = 0;
			mainGroup = 4A5B6C7D8E9F0G1H2I3J4K5L;
			productRefGroup = 4A5B6C7D8E9F0G1H2I3J4K5L;
			projectDirPath = "";
			projectRoot = "";
			targets = (
				2A3B4C5D6E7F8G9H0I1J2K3L,
			);
		};
/* End PBXProject section */

/* Begin PBXSourcesBuildPhase section */
		G1H2I3J4K5L6M7N8O9P0Q1R2 /* Sources */ = {
			isa = PBXSourcesBuildPhase;
			buildActionMask = 2147483647;
			files = (
				A1B2C3D4E5F6G7H8I9J0K1L2 /* ZAnimeApp.swift in Sources */,
				C1D2E3F4G5H6I7J8K9L0M1N2 /* ContentView.swift in Sources */,
				D1E2F3G4H5I6J7K8L9M0N1O2 /* AnimeModels.swift in Sources */,
				E1F2G3H4I5J6K7L8M9N0O1P2 /* ScraperManager.swift in Sources */,
				F1G2H3I4J5K6L7M8N9O0P1Q2 /* AnimeCardView.swift in Sources */,
				G1H2I3J4K5L6M7N8O9P0Q1R2 /* AnimeDetailView.swift in Sources */,
				H1I2J3K4L5M6N7O8P9Q0R1S2 /* PlayerView.swift in Sources */,
				I1J2K3L4M5N6O7P8Q9R0S1T2 /* WebViewExtractor.swift in Sources */,
			);
			runOnlyForDeploymentPostprocessing = 0;
		};
/* End PBXSourcesBuildPhase section */

/* Begin XCBuildConfiguration section */
		6A7B8C9D0E1F2G3H4I5J6K7L = {
			isa = XCBuildConfiguration;
			buildSettings = {
				IPHONEOS_DEPLOYMENT_TARGET = 15.0;
				SDKROOT = iphoneos;
			};
			name = Release;
		};
		7A8B9C0D1E2F3G4H5I6J7K8L = {
			isa = XCBuildConfiguration;
			buildSettings = {
				ASSETCATALOG_COMPILER_APPICON_NAME = AppIcon;
				CODE_SIGN_IDENTITY = "";
				CODE_SIGNING_REQUIRED = NO;
				CODE_SIGNING_ALLOWED = NO;
				INFOPLIST_FILE = ZAnime/Info.plist;
				PRODUCT_BUNDLE_IDENTIFIER = com.9r7n.ZAnime;
				PRODUCT_NAME = "$(TARGET_NAME)";
				SWIFT_VERSION = 5.0;
			};
			name = Release;
		};
/* End XCBuildConfiguration section */

/* Begin XCConfigurationList section */
		3A4B5C6D7E8F9G0H1I2J3K4L = {
			isa = XCConfigurationList;
			buildConfigurations = (
				6A7B8C9D0E1F2G3H4I5J6K7L,
			);
			defaultConfigurationIsVisible = 0;
			defaultConfigurationName = Release;
		};
		5A6B7C8D9E0F1G2H3I4J5K6L = {
			isa = XCConfigurationList;
			buildConfigurations = (
				7A8B9C0D1E2F3G4H5I6J7K8L,
			);
			defaultConfigurationIsVisible = 0;
			defaultConfigurationName = Release;
		};
/* End XCConfigurationList section */
	};
	rootObject = 1A2B3C4D5E6F7G8H9I0J1K2L /* Project object */;
}